
Microsoft Visual Studio Solution File, Format Version 12.00
# Visual Studio 15
VisualStudioVersion = 15.0.27703.2047
MinimumVisualStudioVersion = 10.0.40219.1
Project("{FAE04EC0-301F-11D3-BF4B-00C04F79EFBC}") = "MeetingPortal", "MeetingPortal\MeetingPortal.csproj", "{9ABCDE27-A6B2-4561-AB8A-AA302648A145}"
EndProject
Project("{FAE04EC0-301F-11D3-BF4B-00C04F79EFBC}") = "MeetingPortal.DAL", "MeetingPortal.DAL\MeetingPortal.DAL.csproj", "{B3954505-6379-49C9-9D04-87903C0D1587}"
EndProject
Project("{FAE04EC0-301F-11D3-BF4B-00C04F79EFBC}") = "MeetingPortal.Core", "MeetingPortal.Core\MeetingPortal.Core.csproj", "{0873DD38-ED93-4EA6-B469-3DF4F59A627A}"
EndProject
Global
	GlobalSection(SolutionConfigurationPlatforms) = preSolution
		Debug|Any CPU = Debug|Any CPU
		Release|Any CPU = Release|Any CPU
	EndGlobalSection
	GlobalSection(ProjectConfigurationPlatforms) = postSolution
		{9ABCDE27-A6B2-4561-AB8A-AA302648A145}.Debug|Any CPU.ActiveCfg = Debug|Any CPU
		{9ABCDE27-A6B2-4561-AB8A-AA302648A145}.Debug|Any CPU.Build.0 = Debug|Any CPU
		{9ABCDE27-A6B2-4561-AB8A-AA302648A145}.Release|Any CPU.ActiveCfg = Release|Any CPU
		{9ABCDE27-A6B2-4561-AB8A-AA302648A145}.Release|Any CPU.Build.0 = Release|Any CPU
		{B3954505-6379-49C9-9D04-87903C0D1587}.Debug|Any CPU.ActiveCfg = Debug|Any CPU
		{B3954505-6379-49C9-9D04-87903C0D1587}.Debug|Any CPU.Build.0 = Debug|Any CPU
		{B3954505-6379-49C9-9D04-87903C0D1587}.Release|Any CPU.ActiveCfg = Release|Any CPU
		{B3954505-6379-49C9-9D04-87903C0D1587}.Release|Any CPU.Build.0 = Release|Any CPU
		{0873DD38-ED93-4EA6-B469-3DF4F59A627A}.Debug|Any CPU.ActiveCfg = Debug|Any CPU
		{0873DD38-ED93-4EA6-B469-3DF4F59A627A}.Debug|Any CPU.Build.0 = Debug|Any CPU
		{0873DD38-ED93-4EA6-B469-3DF4F59A627A}.Release|Any CPU.ActiveCfg = Release|Any CPU
		{0873DD38-ED93-4EA6-B469-3DF4F59A627A}.Release|Any CPU.Build.0 = Release|Any CPU
	EndGlobalSection
	GlobalSection(SolutionProperties) = preSolution
		HideSolutionNode = FALSE
	EndGlobalSection
	GlobalSection(ExtensibilityGlobals) = postSolution
		SolutionGuid = {6D7E3B95-D605-47C3-94C4-8ECFC5CE1745}
	EndGlobalSection
EndGlobal
